<?xml version="1.0" encoding="utf-8"?>
<Project ToolsVersion="4.0" xmlns="http://schemas.microsoft.com/developer/msbuild/2003">
  <ItemGroup>
    <Filter Include="Source Files">
      <UniqueIdentifier>{4FC737F1-C7A5-4376-A066-2A32D752A2FF}</UniqueIdentifier>
      <Extensions>cpp;c;cc;cxx;def;odl;idl;hpj;bat;asm;asmx</Extensions>
    </Filter>
    <Filter Include="Header Files">
      <UniqueIdentifier>{93995380-89BD-4b04-88EB-625FBE52EBFB}</UniqueIdentifier>
      <Extensions>h;hh;hpp;hxx;hm;inl;inc;xsd</Extensions>
    </Filter>
    <Filter Include="Header Files\Resource Files">
      <UniqueIdentifier>{67DA6AB6-F800-4c08-8B7A-83BB121AAD01}</UniqueIdentifier>
      <Extensions>rc;ico;cur;bmp;dlg;rc2;rct;bin;rgs;gif;jpg;jpeg;jpe;resx;tiff;tif;png;wav;mfcribbon-ms</Extensions>
    </Filter>
  </ItemGroup>
  <ItemGroup>
    <ClInclude Include="Receiver.h">
      <Filter>Header Files</Filter>
    </ClInclude>
    <ClInclude Include="..\Message\Message.h">
      <Filter>Header Files</Filter>
    </ClInclude>
    <ClInclude Include="..\Cpp11-BlockingQueue\Cpp11-BlockingQueue.h">
      <Filter>Header Files</Filter>
    </ClInclude>
    <ClInclude Include="..\Sender\Sender.h">
      <Filter>Header Files</Filter>
    </ClInclude>
    <ClInclude Include="..\QServer\QServer.h">
      <Filter>Header Files</Filter>
    </ClInclude>
    <ClInclude Include="..\Sockets\Sockets\Sockets.h">
      <Filter>Header Files</Filter>
    </ClInclude>
    <ClInclude Include="..\Sockets\ApplicationHelpers\AppHelpers.h">
      <Filter>Header Files</Filter>
    </ClInclude>
    <ClInclude Include="..\WindowsHelpers\WindowsHelpers.h">
      <Filter>Header Files</Filter>
    </ClInclude>
    <ClInclude Include="IRecvr.h">
      <Filter>Header Files</Filter>
    </ClInclude>
    <ClInclude Include="..\FileCatalogue\FileCatalogue.h">
      <Filter>Header Files</Filter>
    </ClInclude>
    <ClInclude Include="..\XmlDocument\XmlDocument.h">
      <Filter>Header Files</Filter>
    </ClInclude>
    <ClInclude Include="..\XmlElement\XmlElement.h">
      <Filter>Header Files</Filter>
    </ClInclude>
    <ClInclude Include="..\FileCatalogue\FileSystem.h">
      <Filter>Header Files</Filter>
    </ClInclude>
    <ClInclude Include="..\XmltoTree\XmltoTree.h">
      <Filter>Header Files</Filter>
    </ClInclude>
    <ClInclude Include="..\DisplayHelper\DisplayHelper.h">
      <Filter>Header Files</Filter>
    </ClInclude>
    <ClInclude Include="..\XmlElementParts\XmlElementParts\Tokenizer.h">
      <Filter>Header Files</Filter>
    </ClInclude>
    <ClInclude Include="..\XmlElementParts\XmlElementParts\xmlElementParts.h">
      <Filter>Header Files</Filter>
    </ClInclude>
    <ClInclude Include="..\DataStore\DataStore.h">
      <Filter>Header Files</Filter>
    </ClInclude>
  </ItemGroup>
  <ItemGroup>
    <ClCompile Include="Receiver.cpp">
      <Filter>Source Files</Filter>
    </ClCompile>
    <ClCompile Include="..\Message\Message.cpp">
      <Filter>Source Files</Filter>
    </ClCompile>
    <ClCompile Include="..\Cpp11-BlockingQueue\Cpp11-BlockingQueue.cpp">
      <Filter>Source Files</Filter>
    </ClCompile>
    <ClCompile Include="..\Sender\Sender.cpp">
      <Filter>Source Files</Filter>
    </ClCompile>
    <ClCompile Include="..\Sockets\Sockets\Sockets.cpp">
      <Filter>Source Files</Filter>
    </ClCompile>
    <ClCompile Include="..\Sockets\ApplicationHelpers\AppHelpers.cpp">
      <Filter>Source Files</Filter>
    </ClCompile>
    <ClCompile Include="..\WindowsHelpers\WindowsHelpers.cpp">
      <Filter>Source Files</Filter>
    </ClCompile>
    <ClCompile Include="..\FileCatalogue\FileCatalogue.cpp">
      <Filter>Source Files</Filter>
    </ClCompile>
    <ClCompile Include="..\XmlDocument\XmlDocument.cpp">
      <Filter>Source Files</Filter>
    </ClCompile>
    <ClCompile Include="..\XmlElement\XmlElement.cpp">
      <Filter>Source Files</Filter>
    </ClCompile>
    <ClCompile Include="..\FileCatalogue\FileSystem.cpp">
      <Filter>Source Files</Filter>
    </ClCompile>
    <ClCompile Include="..\XmltoTree\XmltoTree.cpp">
      <Filter>Source Files</Filter>
    </ClCompile>
    <ClCompile Include="..\DisplayHelper\DisplayHelper.cpp">
      <Filter>Source Files</Filter>
    </ClCompile>
    <ClCompile Include="..\XmlElementParts\XmlElementParts\Tokenizer.cpp">
      <Filter>Source Files</Filter>
    </ClCompile>
    <ClCompile Include="..\XmlElementParts\XmlElementParts\xmlElementParts.cpp">
      <Filter>Source Files</Filter>
    </ClCompile>
    <ClCompile Include="..\DataStore\DataStore.cpp">
      <Filter>Source Files</Filter>
    </ClCompile>
  </ItemGroup>
</Project>